
Microsoft Visual Studio Solution File, Format Version 12.00
# Visual Studio Version 17
VisualStudioVersion = 17.2.32616.157
MinimumVisualStudioVersion = 10.0.40219.1
Project("{9A19103F-16F7-4668-BE54-9A1E7A4F7556}") = "MusicStreamingService", "MusicStreamingService.csproj", "{B0F745B8-9AF4-4D6C-901A-2E7C9635CD5A}"
EndProject
Global
	GlobalSection(SolutionConfigurationPlatforms) = preSolution
		Debug|Any CPU = Debug|Any CPU
		Release|Any CPU = Release|Any CPU
	EndGlobalSection
	GlobalSection(ProjectConfigurationPlatforms) = postSolution
		{B0F745B8-9AF4-4D6C-901A-2E7C9635CD5A}.Debug|Any CPU.ActiveCfg = Debug|Any CPU
		{B0F745B8-9AF4-4D6C-901A-2E7C9635CD5A}.Debug|Any CPU.Build.0 = Debug|Any CPU
		{B0F745B8-9AF4-4D6C-901A-2E7C9635CD5A}.Release|Any CPU.ActiveCfg = Release|Any CPU
		{B0F745B8-9AF4-4D6C-901A-2E7C9635CD5A}.Release|Any CPU.Build.0 = Release|Any CPU
	EndGlobalSection
	GlobalSection(SolutionProperties) = preSolution
		HideSolutionNode = FALSE
	EndGlobalSection
	GlobalSection(ExtensibilityGlobals) = postSolution
		SolutionGuid = {95968574-3078-437D-B64F-24A534A43336}
	EndGlobalSection
EndGlobal
